
Microsoft Visual Studio Solution File, Format Version 12.00
# Visual Studio Version 16
VisualStudioVersion = 16.0.30011.22
MinimumVisualStudioVersion = 10.0.40219.1
Project("{FAE04EC0-301F-11D3-BF4B-00C04F79EFBC}") = "Assembly-CSharp", "Assembly-CSharp.csproj", "{8CAFC3D3-9615-7416-EABE-1632A8DA517D}"
EndProject
Global
	GlobalSection(SolutionConfigurationPlatforms) = preSolution
		Debug|Any CPU = Debug|Any CPU
		Release|Any CPU = Release|Any CPU
	EndGlobalSection
	GlobalSection(ProjectConfigurationPlatforms) = postSolution
		{8CAFC3D3-9615-7416-EABE-1632A8DA517D}.Debug|Any CPU.ActiveCfg = Debug|Any CPU
		{8CAFC3D3-9615-7416-EABE-1632A8DA517D}.Debug|Any CPU.Build.0 = Debug|Any CPU
		{8CAFC3D3-9615-7416-EABE-1632A8DA517D}.Release|Any CPU.ActiveCfg = Release|Any CPU
		{8CAFC3D3-9615-7416-EABE-1632A8DA517D}.Release|Any CPU.Build.0 = Release|Any CPU
	EndGlobalSection
	GlobalSection(SolutionProperties) = preSolution
		HideSolutionNode = FALSE
	EndGlobalSection
	GlobalSection(ExtensibilityGlobals) = postSolution
		SolutionGuid = {0DAEFABE-2C92-45EB-9265-D62B1F9C99E6}
	EndGlobalSection
EndGlobal
